// !$*UTF8*$!
{
	archiveVersion = 1;
	classes = {
	};
	objectVersion = 50;
	objects = {

/* Begin PBXBuildFile section */
		A050BDB023C8FA1800763BCF /* AppDelegate.swift in Sources */ = {isa = PBXBuildFile; fileRef = A050BDAF23C8FA1800763BCF /* AppDelegate.swift */; };
		A050BDB223C8FA1800763BCF /* ContentView.swift in Sources */ = {isa = PBXBuildFile; fileRef = A050BDB123C8FA1800763BCF /* ContentView.swift */; };
		A050BDB423C8FA1D00763BCF /* Assets.xcassets in Resources */ = {isa = PBXBuildFile; fileRef = A050BDB323C8FA1D00763BCF /* Assets.xcassets */; };
		A050BDB723C8FA1D00763BCF /* Preview Assets.xcassets in Resources */ = {isa = PBXBuildFile; fileRef = A050BDB623C8FA1D00763BCF /* Preview Assets.xcassets */; };
		A050BDBA23C8FA1D00763BCF /* Main.storyboard in Resources */ = {isa = PBXBuildFile; fileRef = A050BDB823C8FA1D00763BCF /* Main.storyboard */; };
/* End PBXBuildFile section */

/* Begin PBXFileReference section */
		A050BDAC23C8FA1800763BCF /* BTrackers.app */ = {isa = PBXFileReference; explicitFileType = wrapper.application; includeInIndex = 0; path = BTrackers.app; sourceTree = BUILT_PRODUCTS_DIR; };
		A050BDAF23C8FA1800763BCF /* AppDelegate.swift */ = {isa = PBXFileReference; lastKnownFileType = sourcecode.swift; path = AppDelegate.swift; sourceTree = "<group>"; };
		A050BDB123C8FA1800763BCF /* ContentView.swift */ = {isa = PBXFileReference; lastKnownFileType = sourcecode.swift; path = ContentView.swift; sourceTree = "<group>"; };
		A050BDB323C8FA1D00763BCF /* Assets.xcassets */ = {isa = PBXFileReference; lastKnownFileType = folder.assetcatalog; path = Assets.xcassets; sourceTree = "<group>"; };
		A050BDB623C8FA1D00763BCF /* Preview Assets.xcassets */ = {isa = PBXFileReference; lastKnownFileType = folder.assetcatalog; path = "Preview Assets.xcassets"; sourceTree = "<group>"; };
		A050BDB923C8FA1D00763BCF /* Base */ = {isa = PBXFileReference; lastKnownFileType = file.storyboard; name = Base; path = Base.lproj/Main.storyboard; sourceTree = "<group>"; };
		A050BDBB23C8FA1D00763BCF /* Info.plist */ = {isa = PBXFileReference; lastKnownFileType = text.plist.xml; path = Info.plist; sourceTree = "<group>"; };
		A050BDBC23C8FA1D00763BCF /* BTrackers.entitlements */ = {isa = PBXFileReference; lastKnownFileType = text.plist.entitlements; path = BTrackers.entitlements; sourceTree = "<group>"; };
/* End PBXFileReference section */

/* Begin PBXFrameworksBuildPhase section */
		A050BDA923C8FA1800763BCF /* Frameworks */ = {
			isa = PBXFrameworksBuildPhase;
			buildActionMask = 2147483647;
			files = (
			);
			runOnlyForDeploymentPostprocessing = 0;
		};
/* End PBXFrameworksBuildPhase section */

/* Begin PBXGroup section */
		A050BDA323C8FA1800763BCF = {
			isa = PBXGroup;
			children = (
				A050BDAE23C8FA1800763BCF /* BTrackers */,
				A050BDAD23C8FA1800763BCF /* Products */,
			);
			sourceTree = "<group>";
		};
		A050BDAD23C8FA1800763BCF /* Products */ = {
			isa = PBXGroup;
			children = (
				A050BDAC23C8FA1800763BCF /* BTrackers.app */,
			);
			name = Products;
			sourceTree = "<group>";
		};
		A050BDAE23C8FA1800763BCF /* BTrackers */ = {
			isa = PBXGroup;
			children = (
				A050BDAF23C8FA1800763BCF /* AppDelegate.swift */,
				A050BDB123C8FA1800763BCF /* ContentView.swift */,
				A050BDB323C8FA1D00763BCF /* Assets.xcassets */,
				A050BDB823C8FA1D00763BCF /* Main.storyboard */,
				A050BDBB23C8FA1D00763BCF /* Info.plist */,
				A050BDBC23C8FA1D00763BCF /* BTrackers.entitlements */,
				A050BDB523C8FA1D00763BCF /* Preview Content */,
			);
			path = BTrackers;
			sourceTree = "<group>";
		};
		A050BDB523C8FA1D00763BCF /* Preview Content */ = {
			isa = PBXGroup;
			children = (
				A050BDB623C8FA1D00763BCF /* Preview Assets.xcassets */,
			);
			path = "Preview Content";
			sourceTree = "<group>";
		};
/* End PBXGroup section */

/* Begin PBXNativeTarget section */
		A050BDAB23C8FA1800763BCF /* BTrackers */ = {
			isa = PBXNativeTarget;
			buildConfigurationList = A050BDBF23C8FA1D00763BCF /* Build configuration list for PBXNativeTarget "BTrackers" */;
			buildPhases = (
				A050BDA823C8FA1800763BCF /* Sources */,
				A050BDA923C8FA1800763BCF /* Frameworks */,
				A050BDAA23C8FA1800763BCF /* Resources */,
			);
			buildRules = (
			);
			dependencies = (
			);
			name = BTrackers;
			productName = BTrackers;
			productReference = A050BDAC23C8FA1800763BCF /* BTrackers.app */;
			productType = "com.apple.product-type.application";
		};
/* End PBXNativeTarget section */

/* Begin PBXProject section */
		A050BDA423C8FA1800763BCF /* Project object */ = {
			isa = PBXProject;
			attributes = {
				LastSwiftUpdateCheck = 1130;
				LastUpgradeCheck = 1130;
				ORGANIZATIONNAME = COSMOS;
				TargetAttributes = {
					A050BDAB23C8FA1800763BCF = {
						CreatedOnToolsVersion = 11.3;
					};
				};
			};
			buildConfigurationList = A050BDA723C8FA1800763BCF /* Build configuration list for PBXProject "BTrackers" */;
			compatibilityVersion = "Xcode 9.3";
			developmentRegion = en;
			hasScannedForEncodings = 0;
			knownRegions = (
				en,
				Base,
			);
			mainGroup = A050BDA323C8FA1800763BCF;
			productRefGroup = A050BDAD23C8FA1800763BCF /* Products */;
			projectDirPath = "";
			projectRoot = "";
			targets = (
				A050BDAB23C8FA1800763BCF /* BTrackers */,
			);
		};
/* End PBXProject section */

/* Begin PBXResourcesBuildPhase section */
		A050BDAA23C8FA1800763BCF /* Resources */ = {
			isa = PBXResourcesBuildPhase;
			buildActionMask = 2147483647;
			files = (
				A050BDBA23C8FA1D00763BCF /* Main.storyboard in Resources */,
				A050BDB723C8FA1D00763BCF /* Preview Assets.xcassets in Resources */,
				A050BDB423C8FA1D00763BCF /* Assets.xcassets in Resources */,
			);
			runOnlyForDeploymentPostprocessing = 0;
		};
/* End PBXResourcesBuildPhase section */

/* Begin PBXSourcesBuildPhase section */
		A050BDA823C8FA1800763BCF /* Sources */ = {
			isa = PBXSourcesBuildPhase;
			buildActionMask = 2147483647;
			files = (
				A050BDB223C8FA1800763BCF /* ContentView.swift in Sources */,
				A050BDB023C8FA1800763BCF /* AppDelegate.swift in Sources */,
			);
			runOnlyForDeploymentPostprocessing = 0;
		};
/* End PBXSourcesBuildPhase section */

/* Begin PBXVariantGroup section */
		A050BDB823C8FA1D00763BCF /* Main.storyboard */ = {
			isa = PBXVariantGroup;
			children = (
				A050BDB923C8FA1D00763BCF /* Base */,
			);
			name = Main.storyboard;
			sourceTree = "<group>";
		};
/* End PBXVariantGroup section */

/* Begin XCBuildConfiguration section */
		A050BDBD23C8FA1D00763BCF /* Debug */ = {
			isa = XCBuildConfiguration;
			buildSettings = {
				ALWAYS_SEARCH_USER_PATHS = NO;
				CLANG_ANALYZER_NONNULL = YES;
				CLANG_ANALYZER_NUMBER_OBJECT_CONVERSION = YES_AGGRESSIVE;
				CLANG_CXX_LANGUAGE_STANDARD = "gnu++14";
				CLANG_CXX_LIBRARY = "libc++";
				CLANG_ENABLE_MODULES = YES;
				CLANG_ENABLE_OBJC_ARC = YES;
				CLANG_ENABLE_OBJC_WEAK = YES;
				CLANG_WARN_BLOCK_CAPTURE_AUTORELEASING = YES;
				CLANG_WARN_BOOL_CONVERSION = YES;
				CLANG_WARN_COMMA = YES;
				CLANG_WARN_CONSTANT_CONVERSION = YES;
				CLANG_WARN_DEPRECATED_OBJC_IMPLEMENTATIONS = YES;
				CLANG_WARN_DIRECT_OBJC_ISA_USAGE = YES_ERROR;
				CLANG_WARN_DOCUMENTATION_COMMENTS = YES;
				CLANG_WARN_EMPTY_BODY = YES;
				CLANG_WARN_ENUM_CONVERSION = YES;
				CLANG_WARN_INFINITE_RECURSION = YES;
				CLANG_WARN_INT_CONVERSION = YES;
				CLANG_WARN_NON_LITERAL_NULL_CONVERSION = YES;
				CLANG_WARN_OBJC_IMPLICIT_RETAIN_SELF = YES;
				CLANG_WARN_OBJC_LITERAL_CONVERSION = YES;
				CLANG_WARN_OBJC_ROOT_CLASS = YES_ERROR;
				CLANG_WARN_RANGE_LOOP_ANALYSIS = YES;
				CLANG_WARN_STRICT_PROTOTYPES = YES;
				CLANG_WARN_SUSPICIOUS_MOVE = YES;
				CLANG_WARN_UNGUARDED_AVAILABILITY = YES_AGGRESSIVE;
				CLANG_WARN_UNREACHABLE_CODE = YES;
				CLANG_WARN__DUPLICATE_METHOD_MATCH = YES;
				COPY_PHASE_STRIP = NO;
				DEBUG_INFORMATION_FORMAT = dwarf;
				ENABLE_STRICT_OBJC_MSGSEND = YES;
				ENABLE_TESTABILITY = YES;
				GCC_C_LANGUAGE_STANDARD = gnu11;
				GCC_DYNAMIC_NO_PIC = NO;
				GCC_NO_COMMON_BLOCKS = YES;
				GCC_OPTIMIZATION_LEVEL = 0;
				GCC_PREPROCESSOR_DEFINITIONS = (
					"DEBUG=1",
					"$(inherited)",
				);
				GCC_WARN_64_TO_32_BIT_CONVERSION = YES;
				GCC_WARN_ABOUT_RETURN_TYPE = YES_ERROR;
				GCC_WARN_UNDECLARED_SELECTOR = YES;
				GCC_WARN_UNINITIALIZED_AUTOS = YES_AGGRESSIVE;
				GCC_WARN_UNUSED_FUNCTION = YES;
				GCC_WARN_UNUSED_VARIABLE = YES;
				MACOSX_DEPLOYMENT_TARGET = 10.15;
				MTL_ENABLE_DEBUG_INFO = INCLUDE_SOURCE;
				MTL_FAST_MATH = YES;
				ONLY_ACTIVE_ARCH = YES;
				SDKROOT = macosx;
				SWIFT_ACTIVE_COMPILATION_CONDITIONS = DEBUG;
				SWIFT_OPTIMIZATION_LEVEL = "-Onone";
			};
			name = Debug;
		};
		A050BDBE23C8FA1D00763BCF /* Release */ = {
			isa = XCBuildConfiguration;
			buildSettings = {
				ALWAYS_SEARCH_USER_PATHS = NO;
				CLANG_ANALYZER_NONNULL = YES;
				CLANG_ANALYZER_NUMBER_OBJECT_CONVERSION = YES_AGGRESSIVE;
				CLANG_CXX_LANGUAGE_STANDARD = "gnu++14";
				CLANG_CXX_LIBRARY = "libc++";
				CLANG_ENABLE_MODULES = YES;
				CLANG_ENABLE_OBJC_ARC = YES;
				CLANG_ENABLE_OBJC_WEAK = YES;
				CLANG_WARN_BLOCK_CAPTURE_AUTORELEASING = YES;
				CLANG_WARN_BOOL_CONVERSION = YES;
				CLANG_WARN_COMMA = YES;
				CLANG_WARN_CONSTANT_CONVERSION = YES;
				CLANG_WARN_DEPRECATED_OBJC_IMPLEMENTATIONS = YES;
				CLANG_WARN_DIRECT_OBJC_ISA_USAGE = YES_ERROR;
				CLANG_WARN_DOCUMENTATION_COMMENTS = YES;
				CLANG_WARN_EMPTY_BODY = YES;
				CLANG_WARN_ENUM_CONVERSION = YES;
				CLANG_WARN_INFINITE_RECURSION = YES;
				CLANG_WARN_INT_CONVERSION = YES;
				CLANG_WARN_NON_LITERAL_NULL_CONVERSION = YES;
				CLANG_WARN_OBJC_IMPLICIT_RETAIN_SELF = YES;
				CLANG_WARN_OBJC_LITERAL_CONVERSION = YES;
				CLANG_WARN_OBJC_ROOT_CLASS = YES_ERROR;
				CLANG_WARN_RANGE_LOOP_ANALYSIS = YES;
				CLANG_WARN_STRICT_PROTOTYPES = YES;
				CLANG_WARN_SUSPICIOUS_MOVE = YES;
				CLANG_WARN_UNGUARDED_AVAILABILITY = YES_AGGRESSIVE;
				CLANG_WARN_UNREACHABLE_CODE = YES;
				CLANG_WARN__DUPLICATE_METHOD_MATCH = YES;
				COPY_PHASE_STRIP = NO;
				DEBUG_INFORMATION_FORMAT = "dwarf-with-dsym";
				ENABLE_NS_ASSERTIONS = NO;
				ENABLE_STRICT_OBJC_MSGSEND = YES;
				GCC_C_LANGUAGE_STANDARD = gnu11;
				GCC_NO_COMMON_BLOCKS = YES;
				GCC_WARN_64_TO_32_BIT_CONVERSION = YES;
				GCC_WARN_ABOUT_RETURN_TYPE = YES_ERROR;
				GCC_WARN_UNDECLARED_SELECTOR = YES;
				GCC_WARN_UNINITIALIZED_AUTOS = YES_AGGRESSIVE;
				GCC_WARN_UNUSED_FUNCTION = YES;
				GCC_WARN_UNUSED_VARIABLE = YES;
				MACOSX_DEPLOYMENT_TARGET = 10.15;
				MTL_ENABLE_DEBUG_INFO = NO;
				MTL_FAST_MATH = YES;
				SDKROOT = macosx;
				SWIFT_COMPILATION_MODE = wholemodule;
				SWIFT_OPTIMIZATION_LEVEL = "-O";
			};
			name = Release;
		};
		A050BDC023C8FA1D00763BCF /* Debug */ = {
			isa = XCBuildConfiguration;
			buildSettings = {
				ASSETCATALOG_COMPILER_APPICON_NAME = AppIcon;
				CODE_SIGN_ENTITLEMENTS = BTrackers/BTrackers.entitlements;
				CODE_SIGN_STYLE = Automatic;
				COMBINE_HIDPI_IMAGES = YES;
				DEVELOPMENT_ASSET_PATHS = "\"BTrackers/Preview Content\"";
				ENABLE_PREVIEWS = YES;
				INFOPLIST_FILE = BTrackers/Info.plist;
				LD_RUNPATH_SEARCH_PATHS = (
					"$(inherited)",
					"@executable_path/../Frameworks",
				);
				MACOSX_DEPLOYMENT_TARGET = 10.15;
				PRODUCT_BUNDLE_IDENTIFIER = ualr.BTrackers;
				PRODUCT_NAME = "$(TARGET_NAME)";
				SWIFT_VERSION = 5.0;
			};
			name = Debug;
		};
		A050BDC123C8FA1D00763BCF /* Release */ = {
			isa = XCBuildConfiguration;
			buildSettings = {
				ASSETCATALOG_COMPILER_APPICON_NAME = AppIcon;
				CODE_SIGN_ENTITLEMENTS = BTrackers/BTrackers.entitlements;
				CODE_SIGN_STYLE = Automatic;
				COMBINE_HIDPI_IMAGES = YES;
				DEVELOPMENT_ASSET_PATHS = "\"BTrackers/Preview Content\"";
				ENABLE_PREVIEWS = YES;
				INFOPLIST_FILE = BTrackers/Info.plist;
				LD_RUNPATH_SEARCH_PATHS = (
					"$(inherited)",
					"@executable_path/../Frameworks",
				);
				MACOSX_DEPLOYMENT_TARGET = 10.15;
				PRODUCT_BUNDLE_IDENTIFIER = ualr.BTrackers;
				PRODUCT_NAME = "$(TARGET_NAME)";
				SWIFT_VERSION = 5.0;
			};
			name = Release;
		};
/* End XCBuildConfiguration section */

/* Begin XCConfigurationList section */
		A050BDA723C8FA1800763BCF /* Build configuration list for PBXProject "BTrackers" */ = {
			isa = XCConfigurationList;
			buildConfigurations = (
				A050BDBD23C8FA1D00763BCF /* Debug */,
				A050BDBE23C8FA1D00763BCF /* Release */,
			);
			defaultConfigurationIsVisible = 0;
			defaultConfigurationName = Release;
		};
		A050BDBF23C8FA1D00763BCF /* Build configuration list for PBXNativeTarget "BTrackers" */ = {
			isa = XCConfigurationList;
			buildConfigurations = (
				A050BDC023C8FA1D00763BCF /* Debug */,
				A050BDC123C8FA1D00763BCF /* Release */,
			);
			defaultConfigurationIsVisible = 0;
			defaultConfigurationName = Release;
		};
/* End XCConfigurationList section */
	};
	rootObject = A050BDA423C8FA1800763BCF /* Project object */;
}
